
Microsoft Visual Studio Solution File, Format Version 12.00
# Visual Studio Version 17
VisualStudioVersion = 17.3.32901.215
MinimumVisualStudioVersion = 10.0.40219.1
Project("{FAE04EC0-301F-11D3-BF4B-00C04F79EFBC}") = "PraktikumS2_2_1_23051214152", "PraktikumS2_2_1_23051214152\PraktikumS2_2_1_23051214152.csproj", "{D9A18C57-23AB-4213-B289-BD0917B33B0C}"
EndProject
Global
	GlobalSection(SolutionConfigurationPlatforms) = preSolution
		Debug|Any CPU = Debug|Any CPU
		Release|Any CPU = Release|Any CPU
	EndGlobalSection
	GlobalSection(ProjectConfigurationPlatforms) = postSolution
		{D9A18C57-23AB-4213-B289-BD0917B33B0C}.Debug|Any CPU.ActiveCfg = Debug|Any CPU
		{D9A18C57-23AB-4213-B289-BD0917B33B0C}.Debug|Any CPU.Build.0 = Debug|Any CPU
		{D9A18C57-23AB-4213-B289-BD0917B33B0C}.Release|Any CPU.ActiveCfg = Release|Any CPU
		{D9A18C57-23AB-4213-B289-BD0917B33B0C}.Release|Any CPU.Build.0 = Release|Any CPU
	EndGlobalSection
	GlobalSection(SolutionProperties) = preSolution
		HideSolutionNode = FALSE
	EndGlobalSection
	GlobalSection(ExtensibilityGlobals) = postSolution
		SolutionGuid = {F51B4C7A-B26D-4A8F-827D-B24A566B0852}
	EndGlobalSection
EndGlobal
