
Microsoft Visual Studio Solution File, Format Version 12.00
# Visual Studio Version 17
VisualStudioVersion = 17.3.32901.215
MinimumVisualStudioVersion = 10.0.40219.1
Project("{8BC9CEB8-8B4A-11D0-8D11-00A0C91BC942}") = "latihan prototipe fungsi", "latihan prototipe fungsi\latihan prototipe fungsi.vcxproj", "{34603E15-D2FA-4D8C-A84D-92516E4C4D8C}"
EndProject
Global
	GlobalSection(SolutionConfigurationPlatforms) = preSolution
		Debug|x64 = Debug|x64
		Debug|x86 = Debug|x86
		Release|x64 = Release|x64
		Release|x86 = Release|x86
	EndGlobalSection
	GlobalSection(ProjectConfigurationPlatforms) = postSolution
		{34603E15-D2FA-4D8C-A84D-92516E4C4D8C}.Debug|x64.ActiveCfg = Debug|x64
		{34603E15-D2FA-4D8C-A84D-92516E4C4D8C}.Debug|x64.Build.0 = Debug|x64
		{34603E15-D2FA-4D8C-A84D-92516E4C4D8C}.Debug|x86.ActiveCfg = Debug|Win32
		{34603E15-D2FA-4D8C-A84D-92516E4C4D8C}.Debug|x86.Build.0 = Debug|Win32
		{34603E15-D2FA-4D8C-A84D-92516E4C4D8C}.Release|x64.ActiveCfg = Release|x64
		{34603E15-D2FA-4D8C-A84D-92516E4C4D8C}.Release|x64.Build.0 = Release|x64
		{34603E15-D2FA-4D8C-A84D-92516E4C4D8C}.Release|x86.ActiveCfg = Release|Win32
		{34603E15-D2FA-4D8C-A84D-92516E4C4D8C}.Release|x86.Build.0 = Release|Win32
	EndGlobalSection
	GlobalSection(SolutionProperties) = preSolution
		HideSolutionNode = FALSE
	EndGlobalSection
	GlobalSection(ExtensibilityGlobals) = postSolution
		SolutionGuid = {78A593A3-8E58-4AF5-AA07-75E1E66DF3FA}
	EndGlobalSection
EndGlobal
