
Microsoft Visual Studio Solution File, Format Version 12.00
# Visual Studio Version 17
VisualStudioVersion = 17.3.32901.215
MinimumVisualStudioVersion = 10.0.40219.1
Project("{FAE04EC0-301F-11D3-BF4B-00C04F79EFBC}") = "break_continue_goto", "break_continue_goto\break_continue_goto.csproj", "{D56F79CF-B113-4B88-8F09-2D16F227BD26}"
EndProject
Global
	GlobalSection(SolutionConfigurationPlatforms) = preSolution
		Debug|Any CPU = Debug|Any CPU
		Release|Any CPU = Release|Any CPU
	EndGlobalSection
	GlobalSection(ProjectConfigurationPlatforms) = postSolution
		{D56F79CF-B113-4B88-8F09-2D16F227BD26}.Debug|Any CPU.ActiveCfg = Debug|Any CPU
		{D56F79CF-B113-4B88-8F09-2D16F227BD26}.Debug|Any CPU.Build.0 = Debug|Any CPU
		{D56F79CF-B113-4B88-8F09-2D16F227BD26}.Release|Any CPU.ActiveCfg = Release|Any CPU
		{D56F79CF-B113-4B88-8F09-2D16F227BD26}.Release|Any CPU.Build.0 = Release|Any CPU
	EndGlobalSection
	GlobalSection(SolutionProperties) = preSolution
		HideSolutionNode = FALSE
	EndGlobalSection
	GlobalSection(ExtensibilityGlobals) = postSolution
		SolutionGuid = {19F06092-7150-4E37-9666-B2D42D5057E9}
	EndGlobalSection
EndGlobal
