
Microsoft Visual Studio Solution File, Format Version 12.00
# Visual Studio Version 17
VisualStudioVersion = 17.3.32901.215
MinimumVisualStudioVersion = 10.0.40219.1
Project("{FAE04EC0-301F-11D3-BF4B-00C04F79EFBC}") = "uts 1", "uts 1\uts 1.csproj", "{70428363-171E-451B-AA2E-D5F32D16A817}"
EndProject
Global
	GlobalSection(SolutionConfigurationPlatforms) = preSolution
		Debug|Any CPU = Debug|Any CPU
		Release|Any CPU = Release|Any CPU
	EndGlobalSection
	GlobalSection(ProjectConfigurationPlatforms) = postSolution
		{70428363-171E-451B-AA2E-D5F32D16A817}.Debug|Any CPU.ActiveCfg = Debug|Any CPU
		{70428363-171E-451B-AA2E-D5F32D16A817}.Debug|Any CPU.Build.0 = Debug|Any CPU
		{70428363-171E-451B-AA2E-D5F32D16A817}.Release|Any CPU.ActiveCfg = Release|Any CPU
		{70428363-171E-451B-AA2E-D5F32D16A817}.Release|Any CPU.Build.0 = Release|Any CPU
	EndGlobalSection
	GlobalSection(SolutionProperties) = preSolution
		HideSolutionNode = FALSE
	EndGlobalSection
	GlobalSection(ExtensibilityGlobals) = postSolution
		SolutionGuid = {D788AECA-BD38-49C2-BE41-0760F3B97BB1}
	EndGlobalSection
EndGlobal
