
Microsoft Visual Studio Solution File, Format Version 12.00
# Visual Studio Version 17
VisualStudioVersion = 17.3.32901.215
MinimumVisualStudioVersion = 10.0.40219.1
Project("{FAE04EC0-301F-11D3-BF4B-00C04F79EFBC}") = "PraktikumS2_1_4_23051214152", "PraktikumS2_1_4_23051214152\PraktikumS2_1_4_23051214152.csproj", "{4FF8F480-99F6-46E1-B33E-DD6A50D856FE}"
EndProject
Global
	GlobalSection(SolutionConfigurationPlatforms) = preSolution
		Debug|Any CPU = Debug|Any CPU
		Release|Any CPU = Release|Any CPU
	EndGlobalSection
	GlobalSection(ProjectConfigurationPlatforms) = postSolution
		{4FF8F480-99F6-46E1-B33E-DD6A50D856FE}.Debug|Any CPU.ActiveCfg = Debug|Any CPU
		{4FF8F480-99F6-46E1-B33E-DD6A50D856FE}.Debug|Any CPU.Build.0 = Debug|Any CPU
		{4FF8F480-99F6-46E1-B33E-DD6A50D856FE}.Release|Any CPU.ActiveCfg = Release|Any CPU
		{4FF8F480-99F6-46E1-B33E-DD6A50D856FE}.Release|Any CPU.Build.0 = Release|Any CPU
	EndGlobalSection
	GlobalSection(SolutionProperties) = preSolution
		HideSolutionNode = FALSE
	EndGlobalSection
	GlobalSection(ExtensibilityGlobals) = postSolution
		SolutionGuid = {D352A4B0-94E0-46EA-AE26-582E5AEA3BA2}
	EndGlobalSection
EndGlobal
