
Microsoft Visual Studio Solution File, Format Version 12.00
# Visual Studio Version 17
VisualStudioVersion = 17.3.32901.215
MinimumVisualStudioVersion = 10.0.40219.1
Project("{FAE04EC0-301F-11D3-BF4B-00C04F79EFBC}") = "TextRPG", "TextRPG\TextRPG.csproj", "{DE1F35D0-7801-48C7-9667-21D97C86B76A}"
EndProject
Global
	GlobalSection(SolutionConfigurationPlatforms) = preSolution
		Debug|Any CPU = Debug|Any CPU
		Release|Any CPU = Release|Any CPU
	EndGlobalSection
	GlobalSection(ProjectConfigurationPlatforms) = postSolution
		{DE1F35D0-7801-48C7-9667-21D97C86B76A}.Debug|Any CPU.ActiveCfg = Debug|Any CPU
		{DE1F35D0-7801-48C7-9667-21D97C86B76A}.Debug|Any CPU.Build.0 = Debug|Any CPU
		{DE1F35D0-7801-48C7-9667-21D97C86B76A}.Release|Any CPU.ActiveCfg = Release|Any CPU
		{DE1F35D0-7801-48C7-9667-21D97C86B76A}.Release|Any CPU.Build.0 = Release|Any CPU
	EndGlobalSection
	GlobalSection(SolutionProperties) = preSolution
		HideSolutionNode = FALSE
	EndGlobalSection
	GlobalSection(ExtensibilityGlobals) = postSolution
		SolutionGuid = {747E143D-D901-47FC-B0CA-B0091DC13BB7}
	EndGlobalSection
EndGlobal
